
Microsoft Visual Studio Solution File, Format Version 12.00
# Visual Studio Version 17
VisualStudioVersion = 17.3.32804.467
MinimumVisualStudioVersion = 10.0.40219.1
Project("{2150E333-8FDC-42A3-9474-1A3956D46DE8}") = "src", "src", "{35D7F78A-922B-455C-92D8-01CAD9DBE3D7}"
EndProject
Project("{2150E333-8FDC-42A3-9474-1A3956D46DE8}") = "test", "test", "{0F9F55B1-FEBF-4FE1-9D45-CA6816BA5555}"
EndProject
Project("{2150E333-8FDC-42A3-9474-1A3956D46DE8}") = "API", "API", "{9EBA39E3-B33C-4112-A083-960DAC3F5C39}"
EndProject
Project("{2150E333-8FDC-42A3-9474-1A3956D46DE8}") = "Core", "Core", "{B20E12F2-C6CA-4EB2-A7D8-B675BD43CE20}"
EndProject
Project("{2150E333-8FDC-42A3-9474-1A3956D46DE8}") = "Infrastructure", "Infrastructure", "{C67939A2-6083-4FB3-AEE3-B3569942B157}"
EndProject
Project("{2150E333-8FDC-42A3-9474-1A3956D46DE8}") = "UI", "UI", "{0131A9FD-5ACC-4B79-8753-935EE305B763}"
EndProject
Project("{9A19103F-16F7-4668-BE54-9A1E7A4F7556}") = "HR.LeaveManagement.Domain", "src\Core\HR.LeaveManagement.Domain\HR.LeaveManagement.Domain.csproj", "{4E6A00E3-EF90-4FDC-BFEE-547F585BBE87}"
EndProject
Project("{9A19103F-16F7-4668-BE54-9A1E7A4F7556}") = "HR.LeaveManagement.Application", "src\Core\HR.LeaveManagement.Application\HR.LeaveManagement.Application.csproj", "{15124202-0F4F-4F6F-A2FC-4961C7D80DA9}"
EndProject
Project("{FAE04EC0-301F-11D3-BF4B-00C04F79EFBC}") = "HR.LeaveManagement.Infrastructure", "src\Infrastructure\HR.LeaveManagement.Infrastructure\HR.LeaveManagement.Infrastructure.csproj", "{28E01CE4-1863-42C8-83E3-872BEE82DB2B}"
EndProject
Project("{FAE04EC0-301F-11D3-BF4B-00C04F79EFBC}") = "HR.LeaveManagement.Persistence", "src\Infrastructure\HR.LeaveManagement.Persistence\HR.LeaveManagement.Persistence.csproj", "{451243D8-A9DB-46F0-BDE3-726723875FE1}"
EndProject
Global
	GlobalSection(SolutionConfigurationPlatforms) = preSolution
		Debug|Any CPU = Debug|Any CPU
		Release|Any CPU = Release|Any CPU
	EndGlobalSection
	GlobalSection(ProjectConfigurationPlatforms) = postSolution
		{4E6A00E3-EF90-4FDC-BFEE-547F585BBE87}.Debug|Any CPU.ActiveCfg = Debug|Any CPU
		{4E6A00E3-EF90-4FDC-BFEE-547F585BBE87}.Debug|Any CPU.Build.0 = Debug|Any CPU
		{4E6A00E3-EF90-4FDC-BFEE-547F585BBE87}.Release|Any CPU.ActiveCfg = Release|Any CPU
		{4E6A00E3-EF90-4FDC-BFEE-547F585BBE87}.Release|Any CPU.Build.0 = Release|Any CPU
		{15124202-0F4F-4F6F-A2FC-4961C7D80DA9}.Debug|Any CPU.ActiveCfg = Debug|Any CPU
		{15124202-0F4F-4F6F-A2FC-4961C7D80DA9}.Debug|Any CPU.Build.0 = Debug|Any CPU
		{15124202-0F4F-4F6F-A2FC-4961C7D80DA9}.Release|Any CPU.ActiveCfg = Release|Any CPU
		{15124202-0F4F-4F6F-A2FC-4961C7D80DA9}.Release|Any CPU.Build.0 = Release|Any CPU
		{28E01CE4-1863-42C8-83E3-872BEE82DB2B}.Debug|Any CPU.ActiveCfg = Debug|Any CPU
		{28E01CE4-1863-42C8-83E3-872BEE82DB2B}.Debug|Any CPU.Build.0 = Debug|Any CPU
		{28E01CE4-1863-42C8-83E3-872BEE82DB2B}.Release|Any CPU.ActiveCfg = Release|Any CPU
		{28E01CE4-1863-42C8-83E3-872BEE82DB2B}.Release|Any CPU.Build.0 = Release|Any CPU
		{451243D8-A9DB-46F0-BDE3-726723875FE1}.Debug|Any CPU.ActiveCfg = Debug|Any CPU
		{451243D8-A9DB-46F0-BDE3-726723875FE1}.Debug|Any CPU.Build.0 = Debug|Any CPU
		{451243D8-A9DB-46F0-BDE3-726723875FE1}.Release|Any CPU.ActiveCfg = Release|Any CPU
		{451243D8-A9DB-46F0-BDE3-726723875FE1}.Release|Any CPU.Build.0 = Release|Any CPU
	EndGlobalSection
	GlobalSection(SolutionProperties) = preSolution
		HideSolutionNode = FALSE
	EndGlobalSection
	GlobalSection(NestedProjects) = preSolution
		{9EBA39E3-B33C-4112-A083-960DAC3F5C39} = {35D7F78A-922B-455C-92D8-01CAD9DBE3D7}
		{B20E12F2-C6CA-4EB2-A7D8-B675BD43CE20} = {35D7F78A-922B-455C-92D8-01CAD9DBE3D7}
		{C67939A2-6083-4FB3-AEE3-B3569942B157} = {35D7F78A-922B-455C-92D8-01CAD9DBE3D7}
		{0131A9FD-5ACC-4B79-8753-935EE305B763} = {35D7F78A-922B-455C-92D8-01CAD9DBE3D7}
		{4E6A00E3-EF90-4FDC-BFEE-547F585BBE87} = {B20E12F2-C6CA-4EB2-A7D8-B675BD43CE20}
		{15124202-0F4F-4F6F-A2FC-4961C7D80DA9} = {B20E12F2-C6CA-4EB2-A7D8-B675BD43CE20}
		{28E01CE4-1863-42C8-83E3-872BEE82DB2B} = {C67939A2-6083-4FB3-AEE3-B3569942B157}
		{451243D8-A9DB-46F0-BDE3-726723875FE1} = {C67939A2-6083-4FB3-AEE3-B3569942B157}
	EndGlobalSection
	GlobalSection(ExtensibilityGlobals) = postSolution
		SolutionGuid = {8C1E42AF-D7C9-45A4-B670-609693FCCA11}
	EndGlobalSection
EndGlobal
